// !$*UTF8*$!
{
	archiveVersion = 1;
	classes = {
	};
	objectVersion = 50;
	objects = {

/* Begin PBXBuildFile section */
		8375ADD92117EA70009A127E /* AppDelegate.swift in Sources */ = {isa = PBXBuildFile; fileRef = 8375ADD82117EA70009A127E /* AppDelegate.swift */; };
		8375ADDB2117EA70009A127E /* ViewController.swift in Sources */ = {isa = PBXBuildFile; fileRef = 8375ADDA2117EA70009A127E /* ViewController.swift */; };
		8375ADDE2117EA70009A127E /* Main.storyboard in Resources */ = {isa = PBXBuildFile; fileRef = 8375ADDC2117EA70009A127E /* Main.storyboard */; };
		8375ADE02117EA71009A127E /* Assets.xcassets in Resources */ = {isa = PBXBuildFile; fileRef = 8375ADDF2117EA71009A127E /* Assets.xcassets */; };
		8375ADE32117EA71009A127E /* LaunchScreen.storyboard in Resources */ = {isa = PBXBuildFile; fileRef = 8375ADE12117EA71009A127E /* LaunchScreen.storyboard */; };
		8375ADF02117EEE2009A127E /* Ex_Freamwork.framework in Frameworks */ = {isa = PBXBuildFile; fileRef = 8375ADEF2117EAEA009A127E /* Ex_Freamwork.framework */; };
		8375ADF12117EEE2009A127E /* Ex_Freamwork.framework in Embed Frameworks */ = {isa = PBXBuildFile; fileRef = 8375ADEF2117EAEA009A127E /* Ex_Freamwork.framework */; settings = {ATTRIBUTES = (CodeSignOnCopy, RemoveHeadersOnCopy, ); }; };
/* End PBXBuildFile section */

/* Begin PBXContainerItemProxy section */
		8375ADEE2117EAEA009A127E /* PBXContainerItemProxy */ = {
			isa = PBXContainerItemProxy;
			containerPortal = 8375ADEA2117EAEA009A127E /* Ex_Freamwork.xcodeproj */;
			proxyType = 2;
			remoteGlobalIDString = 8375ADBF2117E61D009A127E;
			remoteInfo = Ex_Freamwork;
		};
		8375ADF22117EEE2009A127E /* PBXContainerItemProxy */ = {
			isa = PBXContainerItemProxy;
			containerPortal = 8375ADEA2117EAEA009A127E /* Ex_Freamwork.xcodeproj */;
			proxyType = 1;
			remoteGlobalIDString = 8375ADBE2117E61D009A127E;
			remoteInfo = Ex_Freamwork;
		};
/* End PBXContainerItemProxy section */

/* Begin PBXCopyFilesBuildPhase section */
		8375ADF42117EEE2009A127E /* Embed Frameworks */ = {
			isa = PBXCopyFilesBuildPhase;
			buildActionMask = 2147483647;
			dstPath = "";
			dstSubfolderSpec = 10;
			files = (
				8375ADF12117EEE2009A127E /* Ex_Freamwork.framework in Embed Frameworks */,
			);
			name = "Embed Frameworks";
			runOnlyForDeploymentPostprocessing = 0;
		};
/* End PBXCopyFilesBuildPhase section */

/* Begin PBXFileReference section */
		8375ADD52117EA70009A127E /* Ex_Freamwork_PJ.app */ = {isa = PBXFileReference; explicitFileType = wrapper.application; includeInIndex = 0; path = Ex_Freamwork_PJ.app; sourceTree = BUILT_PRODUCTS_DIR; };
		8375ADD82117EA70009A127E /* AppDelegate.swift */ = {isa = PBXFileReference; lastKnownFileType = sourcecode.swift; path = AppDelegate.swift; sourceTree = "<group>"; };
		8375ADDA2117EA70009A127E /* ViewController.swift */ = {isa = PBXFileReference; lastKnownFileType = sourcecode.swift; path = ViewController.swift; sourceTree = "<group>"; };
		8375ADDD2117EA70009A127E /* Base */ = {isa = PBXFileReference; lastKnownFileType = file.storyboard; name = Base; path = Base.lproj/Main.storyboard; sourceTree = "<group>"; };
		8375ADDF2117EA71009A127E /* Assets.xcassets */ = {isa = PBXFileReference; lastKnownFileType = folder.assetcatalog; path = Assets.xcassets; sourceTree = "<group>"; };
		8375ADE22117EA71009A127E /* Base */ = {isa = PBXFileReference; lastKnownFileType = file.storyboard; name = Base; path = Base.lproj/LaunchScreen.storyboard; sourceTree = "<group>"; };
		8375ADE42117EA71009A127E /* Info.plist */ = {isa = PBXFileReference; lastKnownFileType = text.plist.xml; path = Info.plist; sourceTree = "<group>"; };
		8375ADEA2117EAEA009A127E /* Ex_Freamwork.xcodeproj */ = {isa = PBXFileReference; lastKnownFileType = "wrapper.pb-project"; name = Ex_Freamwork.xcodeproj; path = Ex_Freamwork/Ex_Freamwork.xcodeproj; sourceTree = "<group>"; };
/* End PBXFileReference section */

/* Begin PBXFrameworksBuildPhase section */
		8375ADD22117EA70009A127E /* Frameworks */ = {
			isa = PBXFrameworksBuildPhase;
			buildActionMask = 2147483647;
			files = (
				8375ADF02117EEE2009A127E /* Ex_Freamwork.framework in Frameworks */,
			);
			runOnlyForDeploymentPostprocessing = 0;
		};
/* End PBXFrameworksBuildPhase section */

/* Begin PBXGroup section */
		8375ADCC2117EA70009A127E = {
			isa = PBXGroup;
			children = (
				8375ADEA2117EAEA009A127E /* Ex_Freamwork.xcodeproj */,
				8375ADD72117EA70009A127E /* Ex_Freamwork_PJ */,
				8375ADD62117EA70009A127E /* Products */,
			);
			sourceTree = "<group>";
		};
		8375ADD62117EA70009A127E /* Products */ = {
			isa = PBXGroup;
			children = (
				8375ADD52117EA70009A127E /* Ex_Freamwork_PJ.app */,
			);
			name = Products;
			sourceTree = "<group>";
		};
		8375ADD72117EA70009A127E /* Ex_Freamwork_PJ */ = {
			isa = PBXGroup;
			children = (
				8375ADD82117EA70009A127E /* AppDelegate.swift */,
				8375ADDA2117EA70009A127E /* ViewController.swift */,
				8375ADDC2117EA70009A127E /* Main.storyboard */,
				8375ADDF2117EA71009A127E /* Assets.xcassets */,
				8375ADE12117EA71009A127E /* LaunchScreen.storyboard */,
				8375ADE42117EA71009A127E /* Info.plist */,
			);
			path = Ex_Freamwork_PJ;
			sourceTree = "<group>";
		};
		8375ADEB2117EAEA009A127E /* Products */ = {
			isa = PBXGroup;
			children = (
				8375ADEF2117EAEA009A127E /* Ex_Freamwork.framework */,
			);
			name = Products;
			sourceTree = "<group>";
		};
/* End PBXGroup section */

/* Begin PBXNativeTarget section */
		8375ADD42117EA70009A127E /* Ex_Freamwork_PJ */ = {
			isa = PBXNativeTarget;
			buildConfigurationList = 8375ADE72117EA71009A127E /* Build configuration list for PBXNativeTarget "Ex_Freamwork_PJ" */;
			buildPhases = (
				8375ADD12117EA70009A127E /* Sources */,
				8375ADD22117EA70009A127E /* Frameworks */,
				8375ADD32117EA70009A127E /* Resources */,
				8375ADF42117EEE2009A127E /* Embed Frameworks */,
			);
			buildRules = (
			);
			dependencies = (
				8375ADF32117EEE2009A127E /* PBXTargetDependency */,
			);
			name = Ex_Freamwork_PJ;
			productName = Ex_Freamwork_PJ;
			productReference = 8375ADD52117EA70009A127E /* Ex_Freamwork_PJ.app */;
			productType = "com.apple.product-type.application";
		};
/* End PBXNativeTarget section */

/* Begin PBXProject section */
		8375ADCD2117EA70009A127E /* Project object */ = {
			isa = PBXProject;
			attributes = {
				LastSwiftUpdateCheck = 0940;
				LastUpgradeCheck = 0940;
				ORGANIZATIONNAME = MyPJ;
				TargetAttributes = {
					8375ADD42117EA70009A127E = {
						CreatedOnToolsVersion = 9.4.1;
					};
				};
			};
			buildConfigurationList = 8375ADD02117EA70009A127E /* Build configuration list for PBXProject "Ex_Freamwork_PJ" */;
			compatibilityVersion = "Xcode 9.3";
			developmentRegion = en;
			hasScannedForEncodings = 0;
			knownRegions = (
				en,
				Base,
			);
			mainGroup = 8375ADCC2117EA70009A127E;
			productRefGroup = 8375ADD62117EA70009A127E /* Products */;
			projectDirPath = "";
			projectReferences = (
				{
					ProductGroup = 8375ADEB2117EAEA009A127E /* Products */;
					ProjectRef = 8375ADEA2117EAEA009A127E /* Ex_Freamwork.xcodeproj */;
				},
			);
			projectRoot = "";
			targets = (
				8375ADD42117EA70009A127E /* Ex_Freamwork_PJ */,
			);
		};
/* End PBXProject section */

/* Begin PBXReferenceProxy section */
		8375ADEF2117EAEA009A127E /* Ex_Freamwork.framework */ = {
			isa = PBXReferenceProxy;
			fileType = wrapper.framework;
			path = Ex_Freamwork.framework;
			remoteRef = 8375ADEE2117EAEA009A127E /* PBXContainerItemProxy */;
			sourceTree = BUILT_PRODUCTS_DIR;
		};
/* End PBXReferenceProxy section */

/* Begin PBXResourcesBuildPhase section */
		8375ADD32117EA70009A127E /* Resources */ = {
			isa = PBXResourcesBuildPhase;
			buildActionMask = 2147483647;
			files = (
				8375ADE32117EA71009A127E /* LaunchScreen.storyboard in Resources */,
				8375ADE02117EA71009A127E /* Assets.xcassets in Resources */,
				8375ADDE2117EA70009A127E /* Main.storyboard in Resources */,
			);
			runOnlyForDeploymentPostprocessing = 0;
		};
/* End PBXResourcesBuildPhase section */

/* Begin PBXSourcesBuildPhase section */
		8375ADD12117EA70009A127E /* Sources */ = {
			isa = PBXSourcesBuildPhase;
			buildActionMask = 2147483647;
			files = (
				8375ADDB2117EA70009A127E /* ViewController.swift in Sources */,
				8375ADD92117EA70009A127E /* AppDelegate.swift in Sources */,
			);
			runOnlyForDeploymentPostprocessing = 0;
		};
/* End PBXSourcesBuildPhase section */

/* Begin PBXTargetDependency section */
		8375ADF32117EEE2009A127E /* PBXTargetDependency */ = {
			isa = PBXTargetDependency;
			name = Ex_Freamwork;
			targetProxy = 8375ADF22117EEE2009A127E /* PBXContainerItemProxy */;
		};
/* End PBXTargetDependency section */

/* Begin PBXVariantGroup section */
		8375ADDC2117EA70009A127E /* Main.storyboard */ = {
			isa = PBXVariantGroup;
			children = (
				8375ADDD2117EA70009A127E /* Base */,
			);
			name = Main.storyboard;
			sourceTree = "<group>";
		};
		8375ADE12117EA71009A127E /* LaunchScreen.storyboard */ = {
			isa = PBXVariantGroup;
			children = (
				8375ADE22117EA71009A127E /* Base */,
			);
			name = LaunchScreen.storyboard;
			sourceTree = "<group>";
		};
/* End PBXVariantGroup section */

/* Begin XCBuildConfiguration section */
		8375ADE52117EA71009A127E /* Debug */ = {
			isa = XCBuildConfiguration;
			buildSettings = {
				ALWAYS_SEARCH_USER_PATHS = NO;
				CLANG_ANALYZER_NONNULL = YES;
				CLANG_ANALYZER_NUMBER_OBJECT_CONVERSION = YES_AGGRESSIVE;
				CLANG_CXX_LANGUAGE_STANDARD = "gnu++14";
				CLANG_CXX_LIBRARY = "libc++";
				CLANG_ENABLE_MODULES = YES;
				CLANG_ENABLE_OBJC_ARC = YES;
				CLANG_ENABLE_OBJC_WEAK = YES;
				CLANG_WARN_BLOCK_CAPTURE_AUTORELEASING = YES;
				CLANG_WARN_BOOL_CONVERSION = YES;
				CLANG_WARN_COMMA = YES;
				CLANG_WARN_CONSTANT_CONVERSION = YES;
				CLANG_WARN_DEPRECATED_OBJC_IMPLEMENTATIONS = YES;
				CLANG_WARN_DIRECT_OBJC_ISA_USAGE = YES_ERROR;
				CLANG_WARN_DOCUMENTATION_COMMENTS = YES;
				CLANG_WARN_EMPTY_BODY = YES;
				CLANG_WARN_ENUM_CONVERSION = YES;
				CLANG_WARN_INFINITE_RECURSION = YES;
				CLANG_WARN_INT_CONVERSION = YES;
				CLANG_WARN_NON_LITERAL_NULL_CONVERSION = YES;
				CLANG_WARN_OBJC_IMPLICIT_RETAIN_SELF = YES;
				CLANG_WARN_OBJC_LITERAL_CONVERSION = YES;
				CLANG_WARN_OBJC_ROOT_CLASS = YES_ERROR;
				CLANG_WARN_RANGE_LOOP_ANALYSIS = YES;
				CLANG_WARN_STRICT_PROTOTYPES = YES;
				CLANG_WARN_SUSPICIOUS_MOVE = YES;
				CLANG_WARN_UNGUARDED_AVAILABILITY = YES_AGGRESSIVE;
				CLANG_WARN_UNREACHABLE_CODE = YES;
				CLANG_WARN__DUPLICATE_METHOD_MATCH = YES;
				CODE_SIGN_IDENTITY = "iPhone Developer";
				COPY_PHASE_STRIP = NO;
				DEBUG_INFORMATION_FORMAT = dwarf;
				ENABLE_STRICT_OBJC_MSGSEND = YES;
				ENABLE_TESTABILITY = YES;
				GCC_C_LANGUAGE_STANDARD = gnu11;
				GCC_DYNAMIC_NO_PIC = NO;
				GCC_NO_COMMON_BLOCKS = YES;
				GCC_OPTIMIZATION_LEVEL = 0;
				GCC_PREPROCESSOR_DEFINITIONS = (
					"DEBUG=1",
					"$(inherited)",
				);
				GCC_WARN_64_TO_32_BIT_CONVERSION = YES;
				GCC_WARN_ABOUT_RETURN_TYPE = YES_ERROR;
				GCC_WARN_UNDECLARED_SELECTOR = YES;
				GCC_WARN_UNINITIALIZED_AUTOS = YES_AGGRESSIVE;
				GCC_WARN_UNUSED_FUNCTION = YES;
				GCC_WARN_UNUSED_VARIABLE = YES;
				IPHONEOS_DEPLOYMENT_TARGET = 11.4;
				MTL_ENABLE_DEBUG_INFO = YES;
				ONLY_ACTIVE_ARCH = YES;
				SDKROOT = iphoneos;
				SWIFT_ACTIVE_COMPILATION_CONDITIONS = DEBUG;
				SWIFT_OPTIMIZATION_LEVEL = "-Onone";
			};
			name = Debug;
		};
		8375ADE62117EA71009A127E /* Release */ = {
			isa = XCBuildConfiguration;
			buildSettings = {
				ALWAYS_SEARCH_USER_PATHS = NO;
				CLANG_ANALYZER_NONNULL = YES;
				CLANG_ANALYZER_NUMBER_OBJECT_CONVERSION = YES_AGGRESSIVE;
				CLANG_CXX_LANGUAGE_STANDARD = "gnu++14";
				CLANG_CXX_LIBRARY = "libc++";
				CLANG_ENABLE_MODULES = YES;
				CLANG_ENABLE_OBJC_ARC = YES;
				CLANG_ENABLE_OBJC_WEAK = YES;
				CLANG_WARN_BLOCK_CAPTURE_AUTORELEASING = YES;
				CLANG_WARN_BOOL_CONVERSION = YES;
				CLANG_WARN_COMMA = YES;
				CLANG_WARN_CONSTANT_CONVERSION = YES;
				CLANG_WARN_DEPRECATED_OBJC_IMPLEMENTATIONS = YES;
				CLANG_WARN_DIRECT_OBJC_ISA_USAGE = YES_ERROR;
				CLANG_WARN_DOCUMENTATION_COMMENTS = YES;
				CLANG_WARN_EMPTY_BODY = YES;
				CLANG_WARN_ENUM_CONVERSION = YES;
				CLANG_WARN_INFINITE_RECURSION = YES;
				CLANG_WARN_INT_CONVERSION = YES;
				CLANG_WARN_NON_LITERAL_NULL_CONVERSION = YES;
				CLANG_WARN_OBJC_IMPLICIT_RETAIN_SELF = YES;
				CLANG_WARN_OBJC_LITERAL_CONVERSION = YES;
				CLANG_WARN_OBJC_ROOT_CLASS = YES_ERROR;
				CLANG_WARN_RANGE_LOOP_ANALYSIS = YES;
				CLANG_WARN_STRICT_PROTOTYPES = YES;
				CLANG_WARN_SUSPICIOUS_MOVE = YES;
				CLANG_WARN_UNGUARDED_AVAILABILITY = YES_AGGRESSIVE;
				CLANG_WARN_UNREACHABLE_CODE = YES;
				CLANG_WARN__DUPLICATE_METHOD_MATCH = YES;
				CODE_SIGN_IDENTITY = "iPhone Developer";
				COPY_PHASE_STRIP = NO;
				DEBUG_INFORMATION_FORMAT = "dwarf-with-dsym";
				ENABLE_NS_ASSERTIONS = NO;
				ENABLE_STRICT_OBJC_MSGSEND = YES;
				GCC_C_LANGUAGE_STANDARD = gnu11;
				GCC_NO_COMMON_BLOCKS = YES;
				GCC_WARN_64_TO_32_BIT_CONVERSION = YES;
				GCC_WARN_ABOUT_RETURN_TYPE = YES_ERROR;
				GCC_WARN_UNDECLARED_SELECTOR = YES;
				GCC_WARN_UNINITIALIZED_AUTOS = YES_AGGRESSIVE;
				GCC_WARN_UNUSED_FUNCTION = YES;
				GCC_WARN_UNUSED_VARIABLE = YES;
				IPHONEOS_DEPLOYMENT_TARGET = 11.4;
				MTL_ENABLE_DEBUG_INFO = NO;
				SDKROOT = iphoneos;
				SWIFT_COMPILATION_MODE = wholemodule;
				SWIFT_OPTIMIZATION_LEVEL = "-O";
				VALIDATE_PRODUCT = YES;
			};
			name = Release;
		};
		8375ADE82117EA71009A127E /* Debug */ = {
			isa = XCBuildConfiguration;
			buildSettings = {
				ALWAYS_EMBED_SWIFT_STANDARD_LIBRARIES = YES;
				ASSETCATALOG_COMPILER_APPICON_NAME = AppIcon;
				CODE_SIGN_STYLE = Automatic;
				DEVELOPMENT_TEAM = PLS9YBNEL6;
				INFOPLIST_FILE = Ex_Freamwork_PJ/Info.plist;
				IPHONEOS_DEPLOYMENT_TARGET = 9.0;
				LD_RUNPATH_SEARCH_PATHS = (
					"$(inherited)",
					"@executable_path/Frameworks",
				);
				PRODUCT_BUNDLE_IDENTIFIER = "com.hdihdif.Ex-Freamwork-PJ";
				PRODUCT_NAME = "$(TARGET_NAME)";
				SWIFT_VERSION = 4.0;
				TARGETED_DEVICE_FAMILY = "1,2";
			};
			name = Debug;
		};
		8375ADE92117EA71009A127E /* Release */ = {
			isa = XCBuildConfiguration;
			buildSettings = {
				ALWAYS_EMBED_SWIFT_STANDARD_LIBRARIES = YES;
				ASSETCATALOG_COMPILER_APPICON_NAME = AppIcon;
				CODE_SIGN_STYLE = Automatic;
				DEVELOPMENT_TEAM = PLS9YBNEL6;
				INFOPLIST_FILE = Ex_Freamwork_PJ/Info.plist;
				IPHONEOS_DEPLOYMENT_TARGET = 9.0;
				LD_RUNPATH_SEARCH_PATHS = (
					"$(inherited)",
					"@executable_path/Frameworks",
				);
				PRODUCT_BUNDLE_IDENTIFIER = "com.hdihdif.Ex-Freamwork-PJ";
				PRODUCT_NAME = "$(TARGET_NAME)";
				SWIFT_VERSION = 4.0;
				TARGETED_DEVICE_FAMILY = "1,2";
			};
			name = Release;
		};
/* End XCBuildConfiguration section */

/* Begin XCConfigurationList section */
		8375ADD02117EA70009A127E /* Build configuration list for PBXProject "Ex_Freamwork_PJ" */ = {
			isa = XCConfigurationList;
			buildConfigurations = (
				8375ADE52117EA71009A127E /* Debug */,
				8375ADE62117EA71009A127E /* Release */,
			);
			defaultConfigurationIsVisible = 0;
			defaultConfigurationName = Release;
		};
		8375ADE72117EA71009A127E /* Build configuration list for PBXNativeTarget "Ex_Freamwork_PJ" */ = {
			isa = XCConfigurationList;
			buildConfigurations = (
				8375ADE82117EA71009A127E /* Debug */,
				8375ADE92117EA71009A127E /* Release */,
			);
			defaultConfigurationIsVisible = 0;
			defaultConfigurationName = Release;
		};
/* End XCConfigurationList section */
	};
	rootObject = 8375ADCD2117EA70009A127E /* Project object */;
}
